{
  "requires": true,
  "lockfileVersion": 1,
  "dependencies": {
    "body-scroll-lock": {
      "version": "3.0.1",
      "resolved": "https://registry.npmjs.org/body-scroll-lock/-/body-scroll-lock-3.0.1.tgz",
      "integrity": "sha512-BYcnBAv6r3iKFDeYgG3ZMiOtxHDcHaev84he4vU4nB062A9MSUHsbVkrgsiSZlGCcWqoqGKCKTytSUhzuEjiCQ=="
    },
    "smoothscroll-polyfill": {
      "version": "0.4.4",
      "resolved": "https://registry.npmjs.org/smoothscroll-polyfill/-/smoothscroll-polyfill-0.4.4.tgz",
      "integrity": "sha512-TK5ZA9U5RqCwMpfoMq/l1mrH0JAR7y7KRvOBx0n2869aLxch+gT9GhN3yUfjiw+d/DiF1mKo14+hd62JyMmoBg=="
    }
  }
}
